
Microsoft Visual Studio Solution File, Format Version 12.00
# Visual Studio Version 16
VisualStudioVersion = 16.0.30621.155
MinimumVisualStudioVersion = 10.0.40219.1
Project("{FAE04EC0-301F-11D3-BF4B-00C04F79EFBC}") = "WatchPortalFunction", "WatchPortalFunction\WatchPortalFunction.csproj", "{56F55415-E5BD-4612-87EB-6BF44CAEE873}"
EndProject
Global
	GlobalSection(SolutionConfigurationPlatforms) = preSolution
		Debug|Any CPU = Debug|Any CPU
		Release|Any CPU = Release|Any CPU
	EndGlobalSection
	GlobalSection(ProjectConfigurationPlatforms) = postSolution
		{56F55415-E5BD-4612-87EB-6BF44CAEE873}.Debug|Any CPU.ActiveCfg = Debug|Any CPU
		{56F55415-E5BD-4612-87EB-6BF44CAEE873}.Debug|Any CPU.Build.0 = Debug|Any CPU
		{56F55415-E5BD-4612-87EB-6BF44CAEE873}.Release|Any CPU.ActiveCfg = Release|Any CPU
		{56F55415-E5BD-4612-87EB-6BF44CAEE873}.Release|Any CPU.Build.0 = Release|Any CPU
	EndGlobalSection
	GlobalSection(SolutionProperties) = preSolution
		HideSolutionNode = FALSE
	EndGlobalSection
	GlobalSection(ExtensibilityGlobals) = postSolution
		SolutionGuid = {E955D398-8562-425D-843C-4A784034AFE2}
	EndGlobalSection
EndGlobal
